
Microsoft Visual Studio Solution File, Format Version 12.00
# Visual Studio Version 17
VisualStudioVersion = 17.10.35027.167
MinimumVisualStudioVersion = 10.0.40219.1
Project("{FAE04EC0-301F-11D3-BF4B-00C04F79EFBC}") = "BackCustomerManagement", "BackCustomerManagement\BackCustomerManagement.csproj", "{47E6D8BD-1952-44AE-920E-0B056190AC26}"
EndProject
Global
	GlobalSection(SolutionConfigurationPlatforms) = preSolution
		Debug|Any CPU = Debug|Any CPU
		Release|Any CPU = Release|Any CPU
	EndGlobalSection
	GlobalSection(ProjectConfigurationPlatforms) = postSolution
		{47E6D8BD-1952-44AE-920E-0B056190AC26}.Debug|Any CPU.ActiveCfg = Debug|Any CPU
		{47E6D8BD-1952-44AE-920E-0B056190AC26}.Debug|Any CPU.Build.0 = Debug|Any CPU
		{47E6D8BD-1952-44AE-920E-0B056190AC26}.Release|Any CPU.ActiveCfg = Release|Any CPU
		{47E6D8BD-1952-44AE-920E-0B056190AC26}.Release|Any CPU.Build.0 = Release|Any CPU
	EndGlobalSection
	GlobalSection(SolutionProperties) = preSolution
		HideSolutionNode = FALSE
	EndGlobalSection
	GlobalSection(ExtensibilityGlobals) = postSolution
		SolutionGuid = {EFAEE172-8FFA-436B-90F1-FE6ED88C69A8}
	EndGlobalSection
EndGlobal
